
Microsoft Visual Studio Solution File, Format Version 12.00
# Visual Studio Version 17
VisualStudioVersion = 17.11.35219.272
MinimumVisualStudioVersion = 10.0.40219.1
Project("{FAE04EC0-301F-11D3-BF4B-00C04F79EFBC}") = "LaboratorioWebApi", "LaboratorioWebApi.csproj", "{73CAFBC6-18BA-40C7-AB31-EEA93A4208C2}"
EndProject
Global
	GlobalSection(SolutionConfigurationPlatforms) = preSolution
		Debug|Any CPU = Debug|Any CPU
		Release|Any CPU = Release|Any CPU
	EndGlobalSection
	GlobalSection(ProjectConfigurationPlatforms) = postSolution
		{73CAFBC6-18BA-40C7-AB31-EEA93A4208C2}.Debug|Any CPU.ActiveCfg = Debug|Any CPU
		{73CAFBC6-18BA-40C7-AB31-EEA93A4208C2}.Debug|Any CPU.Build.0 = Debug|Any CPU
		{73CAFBC6-18BA-40C7-AB31-EEA93A4208C2}.Release|Any CPU.ActiveCfg = Release|Any CPU
		{73CAFBC6-18BA-40C7-AB31-EEA93A4208C2}.Release|Any CPU.Build.0 = Release|Any CPU
	EndGlobalSection
	GlobalSection(SolutionProperties) = preSolution
		HideSolutionNode = FALSE
	EndGlobalSection
	GlobalSection(ExtensibilityGlobals) = postSolution
		SolutionGuid = {50E908D5-4482-4B39-943B-871E2245DFF8}
	EndGlobalSection
EndGlobal
